
Microsoft Visual Studio Solution File, Format Version 12.00
# Visual Studio 15
VisualStudioVersion = 15.0.26730.8
MinimumVisualStudioVersion = 10.0.40219.1
Project("{9A19103F-16F7-4668-BE54-9A1E7A4F7556}") = "Bankproject", "Bankproject.csproj", "{B065589C-06ED-41A7-A8AE-C8A194272FC8}"
EndProject
Project("{9A19103F-16F7-4668-BE54-9A1E7A4F7556}") = "Bank.Library", "..\Bank.Library\Bank.Library.csproj", "{A3C5EDF6-0BC9-4C24-BF1B-3922A44431C8}"
EndProject
Project("{FAE04EC0-301F-11D3-BF4B-00C04F79EFBC}") = "BankTesting", "..\BankTesting\BankTesting.csproj", "{7DC8D904-C1C4-4C70-9778-C6C5D5930EA7}"
EndProject
Global
	GlobalSection(SolutionConfigurationPlatforms) = preSolution
		Debug|Any CPU = Debug|Any CPU
		Release|Any CPU = Release|Any CPU
	EndGlobalSection
	GlobalSection(ProjectConfigurationPlatforms) = postSolution
		{B065589C-06ED-41A7-A8AE-C8A194272FC8}.Debug|Any CPU.ActiveCfg = Debug|Any CPU
		{B065589C-06ED-41A7-A8AE-C8A194272FC8}.Debug|Any CPU.Build.0 = Debug|Any CPU
		{B065589C-06ED-41A7-A8AE-C8A194272FC8}.Release|Any CPU.ActiveCfg = Release|Any CPU
		{B065589C-06ED-41A7-A8AE-C8A194272FC8}.Release|Any CPU.Build.0 = Release|Any CPU
		{A3C5EDF6-0BC9-4C24-BF1B-3922A44431C8}.Debug|Any CPU.ActiveCfg = Debug|Any CPU
		{A3C5EDF6-0BC9-4C24-BF1B-3922A44431C8}.Debug|Any CPU.Build.0 = Debug|Any CPU
		{A3C5EDF6-0BC9-4C24-BF1B-3922A44431C8}.Release|Any CPU.ActiveCfg = Release|Any CPU
		{A3C5EDF6-0BC9-4C24-BF1B-3922A44431C8}.Release|Any CPU.Build.0 = Release|Any CPU
		{7DC8D904-C1C4-4C70-9778-C6C5D5930EA7}.Debug|Any CPU.ActiveCfg = Debug|Any CPU
		{7DC8D904-C1C4-4C70-9778-C6C5D5930EA7}.Debug|Any CPU.Build.0 = Debug|Any CPU
		{7DC8D904-C1C4-4C70-9778-C6C5D5930EA7}.Release|Any CPU.ActiveCfg = Release|Any CPU
		{7DC8D904-C1C4-4C70-9778-C6C5D5930EA7}.Release|Any CPU.Build.0 = Release|Any CPU
	EndGlobalSection
	GlobalSection(SolutionProperties) = preSolution
		HideSolutionNode = FALSE
	EndGlobalSection
	GlobalSection(ExtensibilityGlobals) = postSolution
		SolutionGuid = {EF4A8EDB-F361-4644-BD62-CAD3B08ADF4A}
	EndGlobalSection
EndGlobal
